{
  "version": 4,
  "terraform_version": "1.12.2",
  "serial": 3437,
  "lineage": "1d5dc416-38b5-03e3-4a94-dfedc883c532",
  "outputs": {},
  "resources": [
    {
      "module": "module.vpc",
      "mode": "managed",
      "type": "aws_internet_gateway",
      "name": "this",
      "provider": "provider[\"registry.terraform.io/hashicorp/aws\"]",
      "instances": [
        {
          "index_key": 0,
          "schema_version": 0,
          "attributes": {
            "arn": "arn:aws:ec2:us-east-1:607838039722:internet-gateway/igw-03cdba56acb6824c4",
            "id": "igw-03cdba56acb6824c4",
            "owner_id": "607838039722",
            "region": "us-east-1",
            "tags": {
              "Name": "k8s VPC",
              "environment": "Dev",
              "kubernetes.io/cluster/kubernetes": "owned",
              "owners": "terraform"
            },
            "tags_all": {
              "Name": "k8s VPC",
              "environment": "Dev",
              "kubernetes.io/cluster/kubernetes": "owned",
              "owners": "terraform"
            },
            "timeouts": null,
            "vpc_id": "vpc-06b798132c77bacdf"
          },
          "sensitive_attributes": [],
          "identity_schema_version": 0,
          "private": "eyJlMmJmYjczMC1lY2FhLTExZTYtOGY4OC0zNDM2M2JjN2M0YzAiOnsiY3JlYXRlIjoxMjAwMDAwMDAwMDAwLCJkZWxldGUiOjEyMDAwMDAwMDAwMDAsInVwZGF0ZSI6MTIwMDAwMDAwMDAwMH19",
          "dependencies": [
            "module.vpc.aws_vpc.this",
            "module.vpc.aws_vpc_ipv4_cidr_block_association.this"
          ],
          "create_before_destroy": true
        }
      ]
    },
    {
      "module": "module.vpc",
      "mode": "managed",
      "type": "aws_subnet",
      "name": "public",
      "provider": "provider[\"registry.terraform.io/hashicorp/aws\"]",
      "instances": [
        {
          "index_key": 0,
          "schema_version": 1,
          "attributes": {
            "arn": "arn:aws:ec2:us-east-1:607838039722:subnet/subnet-0e1d82893a69f5dd1",
            "assign_ipv6_address_on_creation": false,
            "availability_zone": "us-east-1a",
            "availability_zone_id": "use1-az1",
            "cidr_block": "10.0.10.0/24",
            "customer_owned_ipv4_pool": "",
            "enable_dns64": false,
            "enable_lni_at_device_index": 0,
            "enable_resource_name_dns_a_record_on_launch": false,
            "enable_resource_name_dns_aaaa_record_on_launch": false,
            "id": "subnet-0e1d82893a69f5dd1",
            "ipv6_cidr_block": "",
            "ipv6_cidr_block_association_id": "",
            "ipv6_native": false,
            "map_customer_owned_ip_on_launch": false,
            "map_public_ip_on_launch": false,
            "outpost_arn": "",
            "owner_id": "607838039722",
            "private_dns_hostname_type_on_launch": "ip-name",
            "region": "us-east-1",
            "tags": {
              "Name": "k8s VPC-public-us-east-1a",
              "environment": "Dev",
              "kubernetes.io/cluster/kubernetes": "owned",
              "kubernetes.io/role/elb": "1",
              "owners": "terraform"
            },
            "tags_all": {
              "Name": "k8s VPC-public-us-east-1a",
              "environment": "Dev",
              "kubernetes.io/cluster/kubernetes": "owned",
              "kubernetes.io/role/elb": "1",
              "owners": "terraform"
            },
            "timeouts": null,
            "vpc_id": "vpc-06b798132c77bacdf"
          },
          "sensitive_attributes": [],
          "identity_schema_version": 0,
          "identity": {
            "account_id": "607838039722",
            "id": "subnet-0e1d82893a69f5dd1",
            "region": "us-east-1"
          },
          "private": "eyJlMmJmYjczMC1lY2FhLTExZTYtOGY4OC0zNDM2M2JjN2M0YzAiOnsiY3JlYXRlIjo2MDAwMDAwMDAwMDAsImRlbGV0ZSI6MTIwMDAwMDAwMDAwMH0sInNjaGVtYV92ZXJzaW9uIjoiMSJ9",
          "dependencies": [
            "module.vpc.aws_vpc.this",
            "module.vpc.aws_vpc_ipv4_cidr_block_association.this"
          ],
          "create_before_destroy": true
        },
        {
          "index_key": 1,
          "schema_version": 1,
          "attributes": {
            "arn": "arn:aws:ec2:us-east-1:607838039722:subnet/subnet-0cd0ca9f844c6e5e4",
            "assign_ipv6_address_on_creation": false,
            "availability_zone": "us-east-1c",
            "availability_zone_id": "use1-az4",
            "cidr_block": "10.0.20.0/24",
            "customer_owned_ipv4_pool": "",
            "enable_dns64": false,
            "enable_lni_at_device_index": 0,
            "enable_resource_name_dns_a_record_on_launch": false,
            "enable_resource_name_dns_aaaa_record_on_launch": false,
            "id": "subnet-0cd0ca9f844c6e5e4",
            "ipv6_cidr_block": "",
            "ipv6_cidr_block_association_id": "",
            "ipv6_native": false,
            "map_customer_owned_ip_on_launch": false,
            "map_public_ip_on_launch": false,
            "outpost_arn": "",
            "owner_id": "607838039722",
            "private_dns_hostname_type_on_launch": "ip-name",
            "region": "us-east-1",
            "tags": {
              "Name": "k8s VPC-public-us-east-1c",
              "environment": "Dev",
              "kubernetes.io/cluster/kubernetes": "owned",
              "kubernetes.io/role/elb": "1",
              "owners": "terraform"
            },
            "tags_all": {
              "Name": "k8s VPC-public-us-east-1c",
              "environment": "Dev",
              "kubernetes.io/cluster/kubernetes": "owned",
              "kubernetes.io/role/elb": "1",
              "owners": "terraform"
            },
            "timeouts": null,
            "vpc_id": "vpc-06b798132c77bacdf"
          },
          "sensitive_attributes": [],
          "identity_schema_version": 0,
          "identity": {
            "account_id": "607838039722",
            "id": "subnet-0cd0ca9f844c6e5e4",
            "region": "us-east-1"
          },
          "private": "eyJlMmJmYjczMC1lY2FhLTExZTYtOGY4OC0zNDM2M2JjN2M0YzAiOnsiY3JlYXRlIjo2MDAwMDAwMDAwMDAsImRlbGV0ZSI6MTIwMDAwMDAwMDAwMH0sInNjaGVtYV92ZXJzaW9uIjoiMSJ9",
          "dependencies": [
            "module.vpc.aws_vpc.this",
            "module.vpc.aws_vpc_ipv4_cidr_block_association.this"
          ],
          "create_before_destroy": true
        }
      ]
    },
    {
      "module": "module.vpc",
      "mode": "managed",
      "type": "aws_vpc",
      "name": "this",
      "provider": "provider[\"registry.terraform.io/hashicorp/aws\"]",
      "instances": [
        {
          "index_key": 0,
          "schema_version": 1,
          "attributes": {
            "arn": "arn:aws:ec2:us-east-1:607838039722:vpc/vpc-06b798132c77bacdf",
            "assign_generated_ipv6_cidr_block": false,
            "cidr_block": "10.0.0.0/16",
            "default_network_acl_id": "acl-08539be68a17f89d7",
            "default_route_table_id": "rtb-0f19f9a5ae98e9eb7",
            "default_security_group_id": "sg-0a39796e1c255aadc",
            "dhcp_options_id": "dopt-04fbe597b4f6f897f",
            "enable_dns_hostnames": true,
            "enable_dns_support": true,
            "enable_network_address_usage_metrics": false,
            "id": "vpc-06b798132c77bacdf",
            "instance_tenancy": "default",
            "ipv4_ipam_pool_id": null,
            "ipv4_netmask_length": null,
            "ipv6_association_id": "",
            "ipv6_cidr_block": "",
            "ipv6_cidr_block_network_border_group": "",
            "ipv6_ipam_pool_id": "",
            "ipv6_netmask_length": 0,
            "main_route_table_id": "rtb-0f19f9a5ae98e9eb7",
            "owner_id": "607838039722",
            "region": "us-east-1",
            "tags": {
              "Name": "k8s VPC",
              "environment": "Dev",
              "kubernetes.io/cluster/kubernetes": "owned",
              "owners": "terraform"
            },
            "tags_all": {
              "Name": "k8s VPC",
              "environment": "Dev",
              "kubernetes.io/cluster/kubernetes": "owned",
              "owners": "terraform"
            }
          },
          "sensitive_attributes": [],
          "identity_schema_version": 0,
          "private": "eyJzY2hlbWFfdmVyc2lvbiI6IjEifQ==",
          "create_before_destroy": true
        }
      ]
    }
  ],
  "check_results": null
}
